
Microsoft Visual Studio Solution File, Format Version 12.00
# Visual Studio Version 17
VisualStudioVersion = 17.8.34330.188
MinimumVisualStudioVersion = 10.0.40219.1
Project("{FAE04EC0-301F-11D3-BF4B-00C04F79EFBC}") = "Workspace", "Workspace\Workspace.csproj", "{2DD96E1B-9BFC-4BD8-A048-0E481096E0BB}"
EndProject
Project("{FAE04EC0-301F-11D3-BF4B-00C04F79EFBC}") = "Entities", "Entities\Entities.csproj", "{629AEEE5-9C5D-481E-802A-1EE7D0451AFC}"
EndProject
Project("{FAE04EC0-301F-11D3-BF4B-00C04F79EFBC}") = "Business", "Business\Business.csproj", "{A3C989DC-F3A6-4FBF-940B-BAC2CA13DE37}"
EndProject
Global
	GlobalSection(SolutionConfigurationPlatforms) = preSolution
		Debug|Any CPU = Debug|Any CPU
		Release|Any CPU = Release|Any CPU
	EndGlobalSection
	GlobalSection(ProjectConfigurationPlatforms) = postSolution
		{2DD96E1B-9BFC-4BD8-A048-0E481096E0BB}.Debug|Any CPU.ActiveCfg = Debug|Any CPU
		{2DD96E1B-9BFC-4BD8-A048-0E481096E0BB}.Debug|Any CPU.Build.0 = Debug|Any CPU
		{2DD96E1B-9BFC-4BD8-A048-0E481096E0BB}.Release|Any CPU.ActiveCfg = Release|Any CPU
		{2DD96E1B-9BFC-4BD8-A048-0E481096E0BB}.Release|Any CPU.Build.0 = Release|Any CPU
		{629AEEE5-9C5D-481E-802A-1EE7D0451AFC}.Debug|Any CPU.ActiveCfg = Debug|Any CPU
		{629AEEE5-9C5D-481E-802A-1EE7D0451AFC}.Debug|Any CPU.Build.0 = Debug|Any CPU
		{629AEEE5-9C5D-481E-802A-1EE7D0451AFC}.Release|Any CPU.ActiveCfg = Release|Any CPU
		{629AEEE5-9C5D-481E-802A-1EE7D0451AFC}.Release|Any CPU.Build.0 = Release|Any CPU
		{A3C989DC-F3A6-4FBF-940B-BAC2CA13DE37}.Debug|Any CPU.ActiveCfg = Debug|Any CPU
		{A3C989DC-F3A6-4FBF-940B-BAC2CA13DE37}.Debug|Any CPU.Build.0 = Debug|Any CPU
		{A3C989DC-F3A6-4FBF-940B-BAC2CA13DE37}.Release|Any CPU.ActiveCfg = Release|Any CPU
		{A3C989DC-F3A6-4FBF-940B-BAC2CA13DE37}.Release|Any CPU.Build.0 = Release|Any CPU
	EndGlobalSection
	GlobalSection(SolutionProperties) = preSolution
		HideSolutionNode = FALSE
	EndGlobalSection
	GlobalSection(ExtensibilityGlobals) = postSolution
		SolutionGuid = {BE00CB13-E5BF-49C9-BF6F-1B00B8F61EC2}
	EndGlobalSection
EndGlobal
